
Microsoft Visual Studio Solution File, Format Version 12.00
# Visual Studio 15
VisualStudioVersion = 15.0.27004.2009
MinimumVisualStudioVersion = 10.0.40219.1
Project("{FAE04EC0-301F-11D3-BF4B-00C04F79EFBC}") = "Task3", "Task3\Task3.csproj", "{38F6A665-2CC7-45F2-BC83-F3DD0A01C520}"
EndProject
Global
	GlobalSection(SolutionConfigurationPlatforms) = preSolution
		Debug|Any CPU = Debug|Any CPU
		Release|Any CPU = Release|Any CPU
	EndGlobalSection
	GlobalSection(ProjectConfigurationPlatforms) = postSolution
		{38F6A665-2CC7-45F2-BC83-F3DD0A01C520}.Debug|Any CPU.ActiveCfg = Debug|Any CPU
		{38F6A665-2CC7-45F2-BC83-F3DD0A01C520}.Debug|Any CPU.Build.0 = Debug|Any CPU
		{38F6A665-2CC7-45F2-BC83-F3DD0A01C520}.Release|Any CPU.ActiveCfg = Release|Any CPU
		{38F6A665-2CC7-45F2-BC83-F3DD0A01C520}.Release|Any CPU.Build.0 = Release|Any CPU
	EndGlobalSection
	GlobalSection(SolutionProperties) = preSolution
		HideSolutionNode = FALSE
	EndGlobalSection
	GlobalSection(ExtensibilityGlobals) = postSolution
		SolutionGuid = {BE18DE98-DA4F-44B1-9E06-C7563927DCD9}
	EndGlobalSection
EndGlobal
